
Microsoft Visual Studio Solution File, Format Version 12.00
# Visual Studio 15
VisualStudioVersion = 15.0.27703.2042
MinimumVisualStudioVersion = 10.0.40219.1
Project("{FAE04EC0-301F-11D3-BF4B-00C04F79EFBC}") = "EasypayWeb", "EasypayWeb\EasypayWeb.csproj", "{529749AD-0AF0-49E3-AC65-CC979131E930}"
EndProject
Global
	GlobalSection(SolutionConfigurationPlatforms) = preSolution
		Debug|Any CPU = Debug|Any CPU
		Release|Any CPU = Release|Any CPU
	EndGlobalSection
	GlobalSection(ProjectConfigurationPlatforms) = postSolution
		{529749AD-0AF0-49E3-AC65-CC979131E930}.Debug|Any CPU.ActiveCfg = Debug|Any CPU
		{529749AD-0AF0-49E3-AC65-CC979131E930}.Debug|Any CPU.Build.0 = Debug|Any CPU
		{529749AD-0AF0-49E3-AC65-CC979131E930}.Release|Any CPU.ActiveCfg = Release|Any CPU
		{529749AD-0AF0-49E3-AC65-CC979131E930}.Release|Any CPU.Build.0 = Release|Any CPU
	EndGlobalSection
	GlobalSection(SolutionProperties) = preSolution
		HideSolutionNode = FALSE
	EndGlobalSection
	GlobalSection(ExtensibilityGlobals) = postSolution
		SolutionGuid = {36AD5DA2-22A4-4038-9B97-6FEC54E8D1D0}
	EndGlobalSection
EndGlobal
